
Microsoft Visual Studio Solution File, Format Version 12.00
# Visual Studio 14
VisualStudioVersion = 14.0.25420.1
MinimumVisualStudioVersion = 10.0.40219.1
Project("{8BC9CEB8-8B4A-11D0-8D11-00A0C91BC942}") = "GoF", "GoF\GoF.vcxproj", "{5D047A31-D0F6-4947-9C68-9FB50ED6EB2E}"
EndProject
Project("{8BC9CEB8-8B4A-11D0-8D11-00A0C91BC942}") = "Decorator", "Decorator\Decorator\Decorator.vcxproj", "{DE28BE1D-2761-4A5D-B2F8-56A36D3DB64D}"
EndProject
Project("{8BC9CEB8-8B4A-11D0-8D11-00A0C91BC942}") = "Component", "Component\Component\Component.vcxproj", "{8864B810-C6BF-4B51-AC7F-813290475E0D}"
EndProject
Project("{8BC9CEB8-8B4A-11D0-8D11-00A0C91BC942}") = "Facade", "Facade\Facade\Facade.vcxproj", "{B52D45AE-052E-4DCB-95BA-C5D41959C9B3}"
EndProject
Project("{8BC9CEB8-8B4A-11D0-8D11-00A0C91BC942}") = "Flyweight", "Flyweight\Flyweight\Flyweight.vcxproj", "{9BE4E46B-98E4-4465-8A73-654E611C74EB}"
EndProject
Project("{8BC9CEB8-8B4A-11D0-8D11-00A0C91BC942}") = "Observer", "Observer\Observer\Observer.vcxproj", "{F1FCD3FA-1E9D-42E6-8E18-C4D9531166D0}"
EndProject
Project("{8BC9CEB8-8B4A-11D0-8D11-00A0C91BC942}") = "Proxy", "Proxy\Proxy\Proxy.vcxproj", "{67541B35-1193-42F6-8F84-AD9CECEE5984}"
EndProject
Project("{8BC9CEB8-8B4A-11D0-8D11-00A0C91BC942}") = "State", "State\State\State.vcxproj", "{FE203BC8-EBD9-45BF-AE27-43058365F5D8}"
EndProject
Project("{8BC9CEB8-8B4A-11D0-8D11-00A0C91BC942}") = "Strategy", "Strategy\Strategy\Strategy.vcxproj", "{43D1FD70-DFA2-4CE7-9D62-F8AA984EA36F}"
EndProject
Project("{8BC9CEB8-8B4A-11D0-8D11-00A0C91BC942}") = "Template", "Template\Template\Template.vcxproj", "{50D9F527-9569-4A00-BECD-99742E60DFE6}"
EndProject
Project("{8BC9CEB8-8B4A-11D0-8D11-00A0C91BC942}") = "Memento", "Memento\Memento\Memento.vcxproj", "{037BD1A5-D5B2-4455-8208-50FF6370723F}"
EndProject
Project("{8BC9CEB8-8B4A-11D0-8D11-00A0C91BC942}") = "Mediator", "Mediator\Mediator.vcxproj", "{10203992-295B-49CB-90CE-F9C1572E0D81}"
EndProject
Global
	GlobalSection(SolutionConfigurationPlatforms) = preSolution
		Debug|x64 = Debug|x64
		Debug|x86 = Debug|x86
		Release|x64 = Release|x64
		Release|x86 = Release|x86
	EndGlobalSection
	GlobalSection(ProjectConfigurationPlatforms) = postSolution
		{5D047A31-D0F6-4947-9C68-9FB50ED6EB2E}.Debug|x64.ActiveCfg = Debug|x64
		{5D047A31-D0F6-4947-9C68-9FB50ED6EB2E}.Debug|x64.Build.0 = Debug|x64
		{5D047A31-D0F6-4947-9C68-9FB50ED6EB2E}.Debug|x86.ActiveCfg = Debug|Win32
		{5D047A31-D0F6-4947-9C68-9FB50ED6EB2E}.Debug|x86.Build.0 = Debug|Win32
		{5D047A31-D0F6-4947-9C68-9FB50ED6EB2E}.Release|x64.ActiveCfg = Release|x64
		{5D047A31-D0F6-4947-9C68-9FB50ED6EB2E}.Release|x64.Build.0 = Release|x64
		{5D047A31-D0F6-4947-9C68-9FB50ED6EB2E}.Release|x86.ActiveCfg = Release|Win32
		{5D047A31-D0F6-4947-9C68-9FB50ED6EB2E}.Release|x86.Build.0 = Release|Win32
		{DE28BE1D-2761-4A5D-B2F8-56A36D3DB64D}.Debug|x64.ActiveCfg = Debug|x64
		{DE28BE1D-2761-4A5D-B2F8-56A36D3DB64D}.Debug|x64.Build.0 = Debug|x64
		{DE28BE1D-2761-4A5D-B2F8-56A36D3DB64D}.Debug|x86.ActiveCfg = Debug|Win32
		{DE28BE1D-2761-4A5D-B2F8-56A36D3DB64D}.Debug|x86.Build.0 = Debug|Win32
		{DE28BE1D-2761-4A5D-B2F8-56A36D3DB64D}.Release|x64.ActiveCfg = Release|x64
		{DE28BE1D-2761-4A5D-B2F8-56A36D3DB64D}.Release|x64.Build.0 = Release|x64
		{DE28BE1D-2761-4A5D-B2F8-56A36D3DB64D}.Release|x86.ActiveCfg = Release|Win32
		{DE28BE1D-2761-4A5D-B2F8-56A36D3DB64D}.Release|x86.Build.0 = Release|Win32
		{8864B810-C6BF-4B51-AC7F-813290475E0D}.Debug|x64.ActiveCfg = Debug|x64
		{8864B810-C6BF-4B51-AC7F-813290475E0D}.Debug|x64.Build.0 = Debug|x64
		{8864B810-C6BF-4B51-AC7F-813290475E0D}.Debug|x86.ActiveCfg = Debug|Win32
		{8864B810-C6BF-4B51-AC7F-813290475E0D}.Debug|x86.Build.0 = Debug|Win32
		{8864B810-C6BF-4B51-AC7F-813290475E0D}.Release|x64.ActiveCfg = Release|x64
		{8864B810-C6BF-4B51-AC7F-813290475E0D}.Release|x64.Build.0 = Release|x64
		{8864B810-C6BF-4B51-AC7F-813290475E0D}.Release|x86.ActiveCfg = Release|Win32
		{8864B810-C6BF-4B51-AC7F-813290475E0D}.Release|x86.Build.0 = Release|Win32
		{B52D45AE-052E-4DCB-95BA-C5D41959C9B3}.Debug|x64.ActiveCfg = Debug|x64
		{B52D45AE-052E-4DCB-95BA-C5D41959C9B3}.Debug|x64.Build.0 = Debug|x64
		{B52D45AE-052E-4DCB-95BA-C5D41959C9B3}.Debug|x86.ActiveCfg = Debug|Win32
		{B52D45AE-052E-4DCB-95BA-C5D41959C9B3}.Debug|x86.Build.0 = Debug|Win32
		{B52D45AE-052E-4DCB-95BA-C5D41959C9B3}.Release|x64.ActiveCfg = Release|x64
		{B52D45AE-052E-4DCB-95BA-C5D41959C9B3}.Release|x64.Build.0 = Release|x64
		{B52D45AE-052E-4DCB-95BA-C5D41959C9B3}.Release|x86.ActiveCfg = Release|Win32
		{B52D45AE-052E-4DCB-95BA-C5D41959C9B3}.Release|x86.Build.0 = Release|Win32
		{9BE4E46B-98E4-4465-8A73-654E611C74EB}.Debug|x64.ActiveCfg = Debug|x64
		{9BE4E46B-98E4-4465-8A73-654E611C74EB}.Debug|x64.Build.0 = Debug|x64
		{9BE4E46B-98E4-4465-8A73-654E611C74EB}.Debug|x86.ActiveCfg = Debug|Win32
		{9BE4E46B-98E4-4465-8A73-654E611C74EB}.Debug|x86.Build.0 = Debug|Win32
		{9BE4E46B-98E4-4465-8A73-654E611C74EB}.Release|x64.ActiveCfg = Release|x64
		{9BE4E46B-98E4-4465-8A73-654E611C74EB}.Release|x64.Build.0 = Release|x64
		{9BE4E46B-98E4-4465-8A73-654E611C74EB}.Release|x86.ActiveCfg = Release|Win32
		{9BE4E46B-98E4-4465-8A73-654E611C74EB}.Release|x86.Build.0 = Release|Win32
		{F1FCD3FA-1E9D-42E6-8E18-C4D9531166D0}.Debug|x64.ActiveCfg = Debug|x64
		{F1FCD3FA-1E9D-42E6-8E18-C4D9531166D0}.Debug|x64.Build.0 = Debug|x64
		{F1FCD3FA-1E9D-42E6-8E18-C4D9531166D0}.Debug|x86.ActiveCfg = Debug|Win32
		{F1FCD3FA-1E9D-42E6-8E18-C4D9531166D0}.Debug|x86.Build.0 = Debug|Win32
		{F1FCD3FA-1E9D-42E6-8E18-C4D9531166D0}.Release|x64.ActiveCfg = Release|x64
		{F1FCD3FA-1E9D-42E6-8E18-C4D9531166D0}.Release|x64.Build.0 = Release|x64
		{F1FCD3FA-1E9D-42E6-8E18-C4D9531166D0}.Release|x86.ActiveCfg = Release|Win32
		{F1FCD3FA-1E9D-42E6-8E18-C4D9531166D0}.Release|x86.Build.0 = Release|Win32
		{67541B35-1193-42F6-8F84-AD9CECEE5984}.Debug|x64.ActiveCfg = Debug|x64
		{67541B35-1193-42F6-8F84-AD9CECEE5984}.Debug|x64.Build.0 = Debug|x64
		{67541B35-1193-42F6-8F84-AD9CECEE5984}.Debug|x86.ActiveCfg = Debug|Win32
		{67541B35-1193-42F6-8F84-AD9CECEE5984}.Debug|x86.Build.0 = Debug|Win32
		{67541B35-1193-42F6-8F84-AD9CECEE5984}.Release|x64.ActiveCfg = Release|x64
		{67541B35-1193-42F6-8F84-AD9CECEE5984}.Release|x64.Build.0 = Release|x64
		{67541B35-1193-42F6-8F84-AD9CECEE5984}.Release|x86.ActiveCfg = Release|Win32
		{67541B35-1193-42F6-8F84-AD9CECEE5984}.Release|x86.Build.0 = Release|Win32
		{FE203BC8-EBD9-45BF-AE27-43058365F5D8}.Debug|x64.ActiveCfg = Debug|x64
		{FE203BC8-EBD9-45BF-AE27-43058365F5D8}.Debug|x64.Build.0 = Debug|x64
		{FE203BC8-EBD9-45BF-AE27-43058365F5D8}.Debug|x86.ActiveCfg = Debug|Win32
		{FE203BC8-EBD9-45BF-AE27-43058365F5D8}.Debug|x86.Build.0 = Debug|Win32
		{FE203BC8-EBD9-45BF-AE27-43058365F5D8}.Release|x64.ActiveCfg = Release|x64
		{FE203BC8-EBD9-45BF-AE27-43058365F5D8}.Release|x64.Build.0 = Release|x64
		{FE203BC8-EBD9-45BF-AE27-43058365F5D8}.Release|x86.ActiveCfg = Release|Win32
		{FE203BC8-EBD9-45BF-AE27-43058365F5D8}.Release|x86.Build.0 = Release|Win32
		{43D1FD70-DFA2-4CE7-9D62-F8AA984EA36F}.Debug|x64.ActiveCfg = Debug|x64
		{43D1FD70-DFA2-4CE7-9D62-F8AA984EA36F}.Debug|x64.Build.0 = Debug|x64
		{43D1FD70-DFA2-4CE7-9D62-F8AA984EA36F}.Debug|x86.ActiveCfg = Debug|Win32
		{43D1FD70-DFA2-4CE7-9D62-F8AA984EA36F}.Debug|x86.Build.0 = Debug|Win32
		{43D1FD70-DFA2-4CE7-9D62-F8AA984EA36F}.Release|x64.ActiveCfg = Release|x64
		{43D1FD70-DFA2-4CE7-9D62-F8AA984EA36F}.Release|x64.Build.0 = Release|x64
		{43D1FD70-DFA2-4CE7-9D62-F8AA984EA36F}.Release|x86.ActiveCfg = Release|Win32
		{43D1FD70-DFA2-4CE7-9D62-F8AA984EA36F}.Release|x86.Build.0 = Release|Win32
		{50D9F527-9569-4A00-BECD-99742E60DFE6}.Debug|x64.ActiveCfg = Debug|x64
		{50D9F527-9569-4A00-BECD-99742E60DFE6}.Debug|x64.Build.0 = Debug|x64
		{50D9F527-9569-4A00-BECD-99742E60DFE6}.Debug|x86.ActiveCfg = Debug|Win32
		{50D9F527-9569-4A00-BECD-99742E60DFE6}.Debug|x86.Build.0 = Debug|Win32
		{50D9F527-9569-4A00-BECD-99742E60DFE6}.Release|x64.ActiveCfg = Release|x64
		{50D9F527-9569-4A00-BECD-99742E60DFE6}.Release|x64.Build.0 = Release|x64
		{50D9F527-9569-4A00-BECD-99742E60DFE6}.Release|x86.ActiveCfg = Release|Win32
		{50D9F527-9569-4A00-BECD-99742E60DFE6}.Release|x86.Build.0 = Release|Win32
		{037BD1A5-D5B2-4455-8208-50FF6370723F}.Debug|x64.ActiveCfg = Debug|x64
		{037BD1A5-D5B2-4455-8208-50FF6370723F}.Debug|x64.Build.0 = Debug|x64
		{037BD1A5-D5B2-4455-8208-50FF6370723F}.Debug|x86.ActiveCfg = Debug|Win32
		{037BD1A5-D5B2-4455-8208-50FF6370723F}.Debug|x86.Build.0 = Debug|Win32
		{037BD1A5-D5B2-4455-8208-50FF6370723F}.Release|x64.ActiveCfg = Release|x64
		{037BD1A5-D5B2-4455-8208-50FF6370723F}.Release|x64.Build.0 = Release|x64
		{037BD1A5-D5B2-4455-8208-50FF6370723F}.Release|x86.ActiveCfg = Release|Win32
		{037BD1A5-D5B2-4455-8208-50FF6370723F}.Release|x86.Build.0 = Release|Win32
		{10203992-295B-49CB-90CE-F9C1572E0D81}.Debug|x64.ActiveCfg = Debug|x64
		{10203992-295B-49CB-90CE-F9C1572E0D81}.Debug|x64.Build.0 = Debug|x64
		{10203992-295B-49CB-90CE-F9C1572E0D81}.Debug|x86.ActiveCfg = Debug|Win32
		{10203992-295B-49CB-90CE-F9C1572E0D81}.Debug|x86.Build.0 = Debug|Win32
		{10203992-295B-49CB-90CE-F9C1572E0D81}.Release|x64.ActiveCfg = Release|x64
		{10203992-295B-49CB-90CE-F9C1572E0D81}.Release|x64.Build.0 = Release|x64
		{10203992-295B-49CB-90CE-F9C1572E0D81}.Release|x86.ActiveCfg = Release|Win32
		{10203992-295B-49CB-90CE-F9C1572E0D81}.Release|x86.Build.0 = Release|Win32
	EndGlobalSection
	GlobalSection(SolutionProperties) = preSolution
		HideSolutionNode = FALSE
	EndGlobalSection
EndGlobal
